
Microsoft Visual Studio Solution File, Format Version 12.00
# Visual Studio Version 16
VisualStudioVersion = 16.0.30114.105
MinimumVisualStudioVersion = 10.0.40219.1
Project("{FAE04EC0-301F-11D3-BF4B-00C04F79EFBC}") = "ProGitForProgrammers", "ProGitForProgrammers\ProGitForProgrammers.csproj", "{81C4AC01-5348-41E7-8BCA-C76D5A982A8E}"
EndProject
Global
	GlobalSection(SolutionConfigurationPlatforms) = preSolution
		Debug|Any CPU = Debug|Any CPU
		Release|Any CPU = Release|Any CPU
	EndGlobalSection
	GlobalSection(ProjectConfigurationPlatforms) = postSolution
		{81C4AC01-5348-41E7-8BCA-C76D5A982A8E}.Debug|Any CPU.ActiveCfg = Debug|Any CPU
		{81C4AC01-5348-41E7-8BCA-C76D5A982A8E}.Debug|Any CPU.Build.0 = Debug|Any CPU
		{81C4AC01-5348-41E7-8BCA-C76D5A982A8E}.Release|Any CPU.ActiveCfg = Release|Any CPU
		{81C4AC01-5348-41E7-8BCA-C76D5A982A8E}.Release|Any CPU.Build.0 = Release|Any CPU
	EndGlobalSection
	GlobalSection(SolutionProperties) = preSolution
		HideSolutionNode = FALSE
	EndGlobalSection
	GlobalSection(ExtensibilityGlobals) = postSolution
		SolutionGuid = {303D13A6-7889-4F02-B94D-48F96EE3FCDA}
	EndGlobalSection
EndGlobal
